
Microsoft Visual Studio Solution File, Format Version 12.00
# Visual Studio Version 17
VisualStudioVersion = 17.8.34511.84
MinimumVisualStudioVersion = 10.0.40219.1
Project("{FAE04EC0-301F-11D3-BF4B-00C04F79EFBC}") = "Homework5", "Homework5.csproj", "{E342772F-DBF7-4BF1-85D2-CFE55DA4645E}"
EndProject
Global
	GlobalSection(SolutionConfigurationPlatforms) = preSolution
		Debug|Any CPU = Debug|Any CPU
		Release|Any CPU = Release|Any CPU
	EndGlobalSection
	GlobalSection(ProjectConfigurationPlatforms) = postSolution
		{E342772F-DBF7-4BF1-85D2-CFE55DA4645E}.Debug|Any CPU.ActiveCfg = Debug|Any CPU
		{E342772F-DBF7-4BF1-85D2-CFE55DA4645E}.Debug|Any CPU.Build.0 = Debug|Any CPU
		{E342772F-DBF7-4BF1-85D2-CFE55DA4645E}.Release|Any CPU.ActiveCfg = Release|Any CPU
		{E342772F-DBF7-4BF1-85D2-CFE55DA4645E}.Release|Any CPU.Build.0 = Release|Any CPU
	EndGlobalSection
	GlobalSection(SolutionProperties) = preSolution
		HideSolutionNode = FALSE
	EndGlobalSection
	GlobalSection(ExtensibilityGlobals) = postSolution
		SolutionGuid = {8300249F-DF1A-44ED-BF62-F8CF007B104A}
	EndGlobalSection
EndGlobal
